// !$*UTF8*$!
{
	archiveVersion = 1;
	classes = {
	};
	objectVersion = 46;
	objects = {

/* Begin PBXBuildFile section */
		65116BDD19D73111004B6A7C /* main.m in Sources */ = {isa = PBXBuildFile; fileRef = 65116BDC19D73111004B6A7C /* main.m */; };
		65116BE019D73111004B6A7C /* AppDelegate.m in Sources */ = {isa = PBXBuildFile; fileRef = 65116BDF19D73111004B6A7C /* AppDelegate.m */; };
		65116BE319D73111004B6A7C /* UAG.xcdatamodeld in Sources */ = {isa = PBXBuildFile; fileRef = 65116BE119D73111004B6A7C /* UAG.xcdatamodeld */; };
		65116BE619D73111004B6A7C /* ViewController.m in Sources */ = {isa = PBXBuildFile; fileRef = 65116BE519D73111004B6A7C /* ViewController.m */; };
		65116BE919D73111004B6A7C /* Main.storyboard in Resources */ = {isa = PBXBuildFile; fileRef = 65116BE719D73111004B6A7C /* Main.storyboard */; };
		65116BEB19D73111004B6A7C /* Images.xcassets in Resources */ = {isa = PBXBuildFile; fileRef = 65116BEA19D73111004B6A7C /* Images.xcassets */; };
		65116BEE19D73111004B6A7C /* LaunchScreen.xib in Resources */ = {isa = PBXBuildFile; fileRef = 65116BEC19D73111004B6A7C /* LaunchScreen.xib */; };
		65116BFA19D73111004B6A7C /* UAGTests.m in Sources */ = {isa = PBXBuildFile; fileRef = 65116BF919D73111004B6A7C /* UAGTests.m */; };
/* End PBXBuildFile section */

/* Begin PBXContainerItemProxy section */
		65116BF419D73111004B6A7C /* PBXContainerItemProxy */ = {
			isa = PBXContainerItemProxy;
			containerPortal = 65116BCF19D73111004B6A7C /* Project object */;
			proxyType = 1;
			remoteGlobalIDString = 65116BD619D73111004B6A7C;
			remoteInfo = UAG;
		};
/* End PBXContainerItemProxy section */

/* Begin PBXFileReference section */
		65116BD719D73111004B6A7C /* UAG.app */ = {isa = PBXFileReference; explicitFileType = wrapper.application; includeInIndex = 0; path = UAG.app; sourceTree = BUILT_PRODUCTS_DIR; };
		65116BDB19D73111004B6A7C /* Info.plist */ = {isa = PBXFileReference; lastKnownFileType = text.plist.xml; path = Info.plist; sourceTree = "<group>"; };
		65116BDC19D73111004B6A7C /* main.m */ = {isa = PBXFileReference; lastKnownFileType = sourcecode.c.objc; path = main.m; sourceTree = "<group>"; };
		65116BDE19D73111004B6A7C /* AppDelegate.h */ = {isa = PBXFileReference; lastKnownFileType = sourcecode.c.h; path = AppDelegate.h; sourceTree = "<group>"; };
		65116BDF19D73111004B6A7C /* AppDelegate.m */ = {isa = PBXFileReference; lastKnownFileType = sourcecode.c.objc; path = AppDelegate.m; sourceTree = "<group>"; };
		65116BE219D73111004B6A7C /* UAG.xcdatamodel */ = {isa = PBXFileReference; lastKnownFileType = wrapper.xcdatamodel; path = UAG.xcdatamodel; sourceTree = "<group>"; };
		65116BE419D73111004B6A7C /* ViewController.h */ = {isa = PBXFileReference; lastKnownFileType = sourcecode.c.h; path = ViewController.h; sourceTree = "<group>"; };
		65116BE519D73111004B6A7C /* ViewController.m */ = {isa = PBXFileReference; lastKnownFileType = sourcecode.c.objc; path = ViewController.m; sourceTree = "<group>"; };
		65116BE819D73111004B6A7C /* Base */ = {isa = PBXFileReference; lastKnownFileType = file.storyboard; name = Base; path = Base.lproj/Main.storyboard; sourceTree = "<group>"; };
		65116BEA19D73111004B6A7C /* Images.xcassets */ = {isa = PBXFileReference; lastKnownFileType = folder.assetcatalog; path = Images.xcassets; sourceTree = "<group>"; };
		65116BED19D73111004B6A7C /* Base */ = {isa = PBXFileReference; lastKnownFileType = file.xib; name = Base; path = Base.lproj/LaunchScreen.xib; sourceTree = "<group>"; };
		65116BF319D73111004B6A7C /* UAGTests.xctest */ = {isa = PBXFileReference; explicitFileType = wrapper.cfbundle; includeInIndex = 0; path = UAGTests.xctest; sourceTree = BUILT_PRODUCTS_DIR; };
		65116BF819D73111004B6A7C /* Info.plist */ = {isa = PBXFileReference; lastKnownFileType = text.plist.xml; path = Info.plist; sourceTree = "<group>"; };
		65116BF919D73111004B6A7C /* UAGTests.m */ = {isa = PBXFileReference; lastKnownFileType = sourcecode.c.objc; path = UAGTests.m; sourceTree = "<group>"; };
/* End PBXFileReference section */

/* Begin PBXFrameworksBuildPhase section */
		65116BD419D73111004B6A7C /* Frameworks */ = {
			isa = PBXFrameworksBuildPhase;
			buildActionMask = 2147483647;
			files = (
			);
			runOnlyForDeploymentPostprocessing = 0;
		};
		65116BF019D73111004B6A7C /* Frameworks */ = {
			isa = PBXFrameworksBuildPhase;
			buildActionMask = 2147483647;
			files = (
			);
			runOnlyForDeploymentPostprocessing = 0;
		};
/* End PBXFrameworksBuildPhase section */

/* Begin PBXGroup section */
		65116BCE19D73111004B6A7C = {
			isa = PBXGroup;
			children = (
				65116BD919D73111004B6A7C /* UAG */,
				65116BF619D73111004B6A7C /* UAGTests */,
				65116BD819D73111004B6A7C /* Products */,
			);
			sourceTree = "<group>";
		};
		65116BD819D73111004B6A7C /* Products */ = {
			isa = PBXGroup;
			children = (
				65116BD719D73111004B6A7C /* UAG.app */,
				65116BF319D73111004B6A7C /* UAGTests.xctest */,
			);
			name = Products;
			sourceTree = "<group>";
		};
		65116BD919D73111004B6A7C /* UAG */ = {
			isa = PBXGroup;
			children = (
				65116BDE19D73111004B6A7C /* AppDelegate.h */,
				65116BDF19D73111004B6A7C /* AppDelegate.m */,
				65116BE419D73111004B6A7C /* ViewController.h */,
				65116BE519D73111004B6A7C /* ViewController.m */,
				65116BE719D73111004B6A7C /* Main.storyboard */,
				65116BEA19D73111004B6A7C /* Images.xcassets */,
				65116BEC19D73111004B6A7C /* LaunchScreen.xib */,
				65116BE119D73111004B6A7C /* UAG.xcdatamodeld */,
				65116BDA19D73111004B6A7C /* Supporting Files */,
			);
			path = UAG;
			sourceTree = "<group>";
		};
		65116BDA19D73111004B6A7C /* Supporting Files */ = {
			isa = PBXGroup;
			children = (
				65116BDB19D73111004B6A7C /* Info.plist */,
				65116BDC19D73111004B6A7C /* main.m */,
			);
			name = "Supporting Files";
			sourceTree = "<group>";
		};
		65116BF619D73111004B6A7C /* UAGTests */ = {
			isa = PBXGroup;
			children = (
				65116BF919D73111004B6A7C /* UAGTests.m */,
				65116BF719D73111004B6A7C /* Supporting Files */,
			);
			path = UAGTests;
			sourceTree = "<group>";
		};
		65116BF719D73111004B6A7C /* Supporting Files */ = {
			isa = PBXGroup;
			children = (
				65116BF819D73111004B6A7C /* Info.plist */,
			);
			name = "Supporting Files";
			sourceTree = "<group>";
		};
/* End PBXGroup section */

/* Begin PBXNativeTarget section */
		65116BD619D73111004B6A7C /* UAG */ = {
			isa = PBXNativeTarget;
			buildConfigurationList = 65116BFD19D73111004B6A7C /* Build configuration list for PBXNativeTarget "UAG" */;
			buildPhases = (
				65116BD319D73111004B6A7C /* Sources */,
				65116BD419D73111004B6A7C /* Frameworks */,
				65116BD519D73111004B6A7C /* Resources */,
			);
			buildRules = (
			);
			dependencies = (
			);
			name = UAG;
			productName = UAG;
			productReference = 65116BD719D73111004B6A7C /* UAG.app */;
			productType = "com.apple.product-type.application";
		};
		65116BF219D73111004B6A7C /* UAGTests */ = {
			isa = PBXNativeTarget;
			buildConfigurationList = 65116C0019D73111004B6A7C /* Build configuration list for PBXNativeTarget "UAGTests" */;
			buildPhases = (
				65116BEF19D73111004B6A7C /* Sources */,
				65116BF019D73111004B6A7C /* Frameworks */,
				65116BF119D73111004B6A7C /* Resources */,
			);
			buildRules = (
			);
			dependencies = (
				65116BF519D73111004B6A7C /* PBXTargetDependency */,
			);
			name = UAGTests;
			productName = UAGTests;
			productReference = 65116BF319D73111004B6A7C /* UAGTests.xctest */;
			productType = "com.apple.product-type.bundle.unit-test";
		};
/* End PBXNativeTarget section */

/* Begin PBXProject section */
		65116BCF19D73111004B6A7C /* Project object */ = {
			isa = PBXProject;
			attributes = {
				LastUpgradeCheck = 0600;
				ORGANIZATIONNAME = CordiSoft;
				TargetAttributes = {
					65116BD619D73111004B6A7C = {
						CreatedOnToolsVersion = 6.0.1;
					};
					65116BF219D73111004B6A7C = {
						CreatedOnToolsVersion = 6.0.1;
						TestTargetID = 65116BD619D73111004B6A7C;
					};
				};
			};
			buildConfigurationList = 65116BD219D73111004B6A7C /* Build configuration list for PBXProject "UAG" */;
			compatibilityVersion = "Xcode 3.2";
			developmentRegion = English;
			hasScannedForEncodings = 0;
			knownRegions = (
				en,
				Base,
			);
			mainGroup = 65116BCE19D73111004B6A7C;
			productRefGroup = 65116BD819D73111004B6A7C /* Products */;
			projectDirPath = "";
			projectRoot = "";
			targets = (
				65116BD619D73111004B6A7C /* UAG */,
				65116BF219D73111004B6A7C /* UAGTests */,
			);
		};
/* End PBXProject section */

/* Begin PBXResourcesBuildPhase section */
		65116BD519D73111004B6A7C /* Resources */ = {
			isa = PBXResourcesBuildPhase;
			buildActionMask = 2147483647;
			files = (
				65116BE919D73111004B6A7C /* Main.storyboard in Resources */,
				65116BEE19D73111004B6A7C /* LaunchScreen.xib in Resources */,
				65116BEB19D73111004B6A7C /* Images.xcassets in Resources */,
			);
			runOnlyForDeploymentPostprocessing = 0;
		};
		65116BF119D73111004B6A7C /* Resources */ = {
			isa = PBXResourcesBuildPhase;
			buildActionMask = 2147483647;
			files = (
			);
			runOnlyForDeploymentPostprocessing = 0;
		};
/* End PBXResourcesBuildPhase section */

/* Begin PBXSourcesBuildPhase section */
		65116BD319D73111004B6A7C /* Sources */ = {
			isa = PBXSourcesBuildPhase;
			buildActionMask = 2147483647;
			files = (
				65116BE319D73111004B6A7C /* UAG.xcdatamodeld in Sources */,
				65116BE019D73111004B6A7C /* AppDelegate.m in Sources */,
				65116BE619D73111004B6A7C /* ViewController.m in Sources */,
				65116BDD19D73111004B6A7C /* main.m in Sources */,
			);
			runOnlyForDeploymentPostprocessing = 0;
		};
		65116BEF19D73111004B6A7C /* Sources */ = {
			isa = PBXSourcesBuildPhase;
			buildActionMask = 2147483647;
			files = (
				65116BFA19D73111004B6A7C /* UAGTests.m in Sources */,
			);
			runOnlyForDeploymentPostprocessing = 0;
		};
/* End PBXSourcesBuildPhase section */

/* Begin PBXTargetDependency section */
		65116BF519D73111004B6A7C /* PBXTargetDependency */ = {
			isa = PBXTargetDependency;
			target = 65116BD619D73111004B6A7C /* UAG */;
			targetProxy = 65116BF419D73111004B6A7C /* PBXContainerItemProxy */;
		};
/* End PBXTargetDependency section */

/* Begin PBXVariantGroup section */
		65116BE719D73111004B6A7C /* Main.storyboard */ = {
			isa = PBXVariantGroup;
			children = (
				65116BE819D73111004B6A7C /* Base */,
			);
			name = Main.storyboard;
			sourceTree = "<group>";
		};
		65116BEC19D73111004B6A7C /* LaunchScreen.xib */ = {
			isa = PBXVariantGroup;
			children = (
				65116BED19D73111004B6A7C /* Base */,
			);
			name = LaunchScreen.xib;
			sourceTree = "<group>";
		};
/* End PBXVariantGroup section */

/* Begin XCBuildConfiguration section */
		65116BFB19D73111004B6A7C /* Debug */ = {
			isa = XCBuildConfiguration;
			buildSettings = {
				ALWAYS_SEARCH_USER_PATHS = NO;
				CLANG_CXX_LANGUAGE_STANDARD = "gnu++0x";
				CLANG_CXX_LIBRARY = "libc++";
				CLANG_ENABLE_MODULES = YES;
				CLANG_ENABLE_OBJC_ARC = YES;
				CLANG_WARN_BOOL_CONVERSION = YES;
				CLANG_WARN_CONSTANT_CONVERSION = YES;
				CLANG_WARN_DIRECT_OBJC_ISA_USAGE = YES_ERROR;
				CLANG_WARN_EMPTY_BODY = YES;
				CLANG_WARN_ENUM_CONVERSION = YES;
				CLANG_WARN_INT_CONVERSION = YES;
				CLANG_WARN_OBJC_ROOT_CLASS = YES_ERROR;
				CLANG_WARN_UNREACHABLE_CODE = YES;
				CLANG_WARN__DUPLICATE_METHOD_MATCH = YES;
				"CODE_SIGN_IDENTITY[sdk=iphoneos*]" = "iPhone Developer";
				COPY_PHASE_STRIP = NO;
				ENABLE_STRICT_OBJC_MSGSEND = YES;
				GCC_C_LANGUAGE_STANDARD = gnu99;
				GCC_DYNAMIC_NO_PIC = NO;
				GCC_OPTIMIZATION_LEVEL = 0;
				GCC_PREPROCESSOR_DEFINITIONS = (
					"DEBUG=1",
					"$(inherited)",
				);
				GCC_SYMBOLS_PRIVATE_EXTERN = NO;
				GCC_WARN_64_TO_32_BIT_CONVERSION = YES;
				GCC_WARN_ABOUT_RETURN_TYPE = YES_ERROR;
				GCC_WARN_UNDECLARED_SELECTOR = YES;
				GCC_WARN_UNINITIALIZED_AUTOS = YES_AGGRESSIVE;
				GCC_WARN_UNUSED_FUNCTION = YES;
				GCC_WARN_UNUSED_VARIABLE = YES;
				IPHONEOS_DEPLOYMENT_TARGET = 8.0;
				MTL_ENABLE_DEBUG_INFO = YES;
				ONLY_ACTIVE_ARCH = YES;
				SDKROOT = iphoneos;
				TARGETED_DEVICE_FAMILY = "1,2";
			};
			name = Debug;
		};
		65116BFC19D73111004B6A7C /* Release */ = {
			isa = XCBuildConfiguration;
			buildSettings = {
				ALWAYS_SEARCH_USER_PATHS = NO;
				CLANG_CXX_LANGUAGE_STANDARD = "gnu++0x";
				CLANG_CXX_LIBRARY = "libc++";
				CLANG_ENABLE_MODULES = YES;
				CLANG_ENABLE_OBJC_ARC = YES;
				CLANG_WARN_BOOL_CONVERSION = YES;
				CLANG_WARN_CONSTANT_CONVERSION = YES;
				CLANG_WARN_DIRECT_OBJC_ISA_USAGE = YES_ERROR;
				CLANG_WARN_EMPTY_BODY = YES;
				CLANG_WARN_ENUM_CONVERSION = YES;
				CLANG_WARN_INT_CONVERSION = YES;
				CLANG_WARN_OBJC_ROOT_CLASS = YES_ERROR;
				CLANG_WARN_UNREACHABLE_CODE = YES;
				CLANG_WARN__DUPLICATE_METHOD_MATCH = YES;
				"CODE_SIGN_IDENTITY[sdk=iphoneos*]" = "iPhone Developer";
				COPY_PHASE_STRIP = YES;
				ENABLE_NS_ASSERTIONS = NO;
				ENABLE_STRICT_OBJC_MSGSEND = YES;
				GCC_C_LANGUAGE_STANDARD = gnu99;
				GCC_WARN_64_TO_32_BIT_CONVERSION = YES;
				GCC_WARN_ABOUT_RETURN_TYPE = YES_ERROR;
				GCC_WARN_UNDECLARED_SELECTOR = YES;
				GCC_WARN_UNINITIALIZED_AUTOS = YES_AGGRESSIVE;
				GCC_WARN_UNUSED_FUNCTION = YES;
				GCC_WARN_UNUSED_VARIABLE = YES;
				IPHONEOS_DEPLOYMENT_TARGET = 8.0;
				MTL_ENABLE_DEBUG_INFO = NO;
				SDKROOT = iphoneos;
				TARGETED_DEVICE_FAMILY = "1,2";
				VALIDATE_PRODUCT = YES;
			};
			name = Release;
		};
		65116BFE19D73111004B6A7C /* Debug */ = {
			isa = XCBuildConfiguration;
			buildSettings = {
				ASSETCATALOG_COMPILER_APPICON_NAME = AppIcon;
				INFOPLIST_FILE = UAG/Info.plist;
				LD_RUNPATH_SEARCH_PATHS = "$(inherited) @executable_path/Frameworks";
				PRODUCT_NAME = "$(TARGET_NAME)";
			};
			name = Debug;
		};
		65116BFF19D73111004B6A7C /* Release */ = {
			isa = XCBuildConfiguration;
			buildSettings = {
				ASSETCATALOG_COMPILER_APPICON_NAME = AppIcon;
				INFOPLIST_FILE = UAG/Info.plist;
				LD_RUNPATH_SEARCH_PATHS = "$(inherited) @executable_path/Frameworks";
				PRODUCT_NAME = "$(TARGET_NAME)";
			};
			name = Release;
		};
		65116C0119D73111004B6A7C /* Debug */ = {
			isa = XCBuildConfiguration;
			buildSettings = {
				BUNDLE_LOADER = "$(TEST_HOST)";
				FRAMEWORK_SEARCH_PATHS = (
					"$(SDKROOT)/Developer/Library/Frameworks",
					"$(inherited)",
				);
				GCC_PREPROCESSOR_DEFINITIONS = (
					"DEBUG=1",
					"$(inherited)",
				);
				INFOPLIST_FILE = UAGTests/Info.plist;
				LD_RUNPATH_SEARCH_PATHS = "$(inherited) @executable_path/Frameworks @loader_path/Frameworks";
				PRODUCT_NAME = "$(TARGET_NAME)";
				TEST_HOST = "$(BUILT_PRODUCTS_DIR)/UAG.app/UAG";
			};
			name = Debug;
		};
		65116C0219D73111004B6A7C /* Release */ = {
			isa = XCBuildConfiguration;
			buildSettings = {
				BUNDLE_LOADER = "$(TEST_HOST)";
				FRAMEWORK_SEARCH_PATHS = (
					"$(SDKROOT)/Developer/Library/Frameworks",
					"$(inherited)",
				);
				INFOPLIST_FILE = UAGTests/Info.plist;
				LD_RUNPATH_SEARCH_PATHS = "$(inherited) @executable_path/Frameworks @loader_path/Frameworks";
				PRODUCT_NAME = "$(TARGET_NAME)";
				TEST_HOST = "$(BUILT_PRODUCTS_DIR)/UAG.app/UAG";
			};
			name = Release;
		};
/* End XCBuildConfiguration section */

/* Begin XCConfigurationList section */
		65116BD219D73111004B6A7C /* Build configuration list for PBXProject "UAG" */ = {
			isa = XCConfigurationList;
			buildConfigurations = (
				65116BFB19D73111004B6A7C /* Debug */,
				65116BFC19D73111004B6A7C /* Release */,
			);
			defaultConfigurationIsVisible = 0;
			defaultConfigurationName = Release;
		};
		65116BFD19D73111004B6A7C /* Build configuration list for PBXNativeTarget "UAG" */ = {
			isa = XCConfigurationList;
			buildConfigurations = (
				65116BFE19D73111004B6A7C /* Debug */,
				65116BFF19D73111004B6A7C /* Release */,
			);
			defaultConfigurationIsVisible = 0;
		};
		65116C0019D73111004B6A7C /* Build configuration list for PBXNativeTarget "UAGTests" */ = {
			isa = XCConfigurationList;
			buildConfigurations = (
				65116C0119D73111004B6A7C /* Debug */,
				65116C0219D73111004B6A7C /* Release */,
			);
			defaultConfigurationIsVisible = 0;
		};
/* End XCConfigurationList section */

/* Begin XCVersionGroup section */
		65116BE119D73111004B6A7C /* UAG.xcdatamodeld */ = {
			isa = XCVersionGroup;
			children = (
				65116BE219D73111004B6A7C /* UAG.xcdatamodel */,
			);
			currentVersion = 65116BE219D73111004B6A7C /* UAG.xcdatamodel */;
			path = UAG.xcdatamodeld;
			sourceTree = "<group>";
			versionGroupType = wrapper.xcdatamodel;
		};
/* End XCVersionGroup section */
	};
	rootObject = 65116BCF19D73111004B6A7C /* Project object */;
}
